
Microsoft Visual Studio Solution File, Format Version 12.00
# Visual Studio 15
VisualStudioVersion = 15.0.26730.12
MinimumVisualStudioVersion = 10.0.40219.1
Project("{FAE04EC0-301F-11D3-BF4B-00C04F79EFBC}") = "attestation", "attestation\attestation.csproj", "{39F5C156-F66A-46BE-A89A-5AA5EE25B425}"
EndProject
Global
	GlobalSection(SolutionConfigurationPlatforms) = preSolution
		Debug|Any CPU = Debug|Any CPU
		Release|Any CPU = Release|Any CPU
	EndGlobalSection
	GlobalSection(ProjectConfigurationPlatforms) = postSolution
		{39F5C156-F66A-46BE-A89A-5AA5EE25B425}.Debug|Any CPU.ActiveCfg = Debug|Any CPU
		{39F5C156-F66A-46BE-A89A-5AA5EE25B425}.Debug|Any CPU.Build.0 = Debug|Any CPU
		{39F5C156-F66A-46BE-A89A-5AA5EE25B425}.Release|Any CPU.ActiveCfg = Release|Any CPU
		{39F5C156-F66A-46BE-A89A-5AA5EE25B425}.Release|Any CPU.Build.0 = Release|Any CPU
	EndGlobalSection
	GlobalSection(SolutionProperties) = preSolution
		HideSolutionNode = FALSE
	EndGlobalSection
	GlobalSection(ExtensibilityGlobals) = postSolution
		SolutionGuid = {FE433E9E-D865-48B6-AB1E-047169C9E69E}
	EndGlobalSection
EndGlobal
